// !$*UTF8*$!
{
	archiveVersion = 1;
	classes = {
	};
	objectVersion = 54;
	objects = {

/* Begin PBXBuildFile section */
		1F6A91388F6B0FFFBFF6B13B /* Pods_Asynchronous_PracticeTests.framework in Frameworks */ = {isa = PBXBuildFile; fileRef = EE300691D49F0B7F85559CAB /* Pods_Asynchronous_PracticeTests.framework */; };
		73386EE97D5DBFEABF5C2EA3 /* Pods_Asynchronous_Practice_Asynchronous_PracticeUITests.framework in Frameworks */ = {isa = PBXBuildFile; fileRef = 40C064287585A37BB4634FD5 /* Pods_Asynchronous_Practice_Asynchronous_PracticeUITests.framework */; };
		8C7344F325B982B6003BFB2A /* AppDelegate.swift in Sources */ = {isa = PBXBuildFile; fileRef = 8C7344F225B982B6003BFB2A /* AppDelegate.swift */; };
		8C7344F525B982B6003BFB2A /* SceneDelegate.swift in Sources */ = {isa = PBXBuildFile; fileRef = 8C7344F425B982B6003BFB2A /* SceneDelegate.swift */; };
		8C7344FC25B982B9003BFB2A /* Assets.xcassets in Resources */ = {isa = PBXBuildFile; fileRef = 8C7344FB25B982B9003BFB2A /* Assets.xcassets */; };
		8C7344FF25B982B9003BFB2A /* LaunchScreen.storyboard in Resources */ = {isa = PBXBuildFile; fileRef = 8C7344FD25B982B9003BFB2A /* LaunchScreen.storyboard */; };
		8C73450A25B982B9003BFB2A /* Asynchronous_PracticeTests.swift in Sources */ = {isa = PBXBuildFile; fileRef = 8C73450925B982B9003BFB2A /* Asynchronous_PracticeTests.swift */; };
		8C73451525B982B9003BFB2A /* Asynchronous_PracticeUITests.swift in Sources */ = {isa = PBXBuildFile; fileRef = 8C73451425B982B9003BFB2A /* Asynchronous_PracticeUITests.swift */; };
		8C73454C25B98B61003BFB2A /* InitialViewController.swift in Sources */ = {isa = PBXBuildFile; fileRef = 8C73454B25B98B61003BFB2A /* InitialViewController.swift */; };
		8C73454D25B98B61003BFB2A /* InitialViewController.swift in Sources */ = {isa = PBXBuildFile; fileRef = 8C73454B25B98B61003BFB2A /* InitialViewController.swift */; };
		8C73454E25B98B61003BFB2A /* InitialViewController.swift in Sources */ = {isa = PBXBuildFile; fileRef = 8C73454B25B98B61003BFB2A /* InitialViewController.swift */; };
		8C73457725B9C31A003BFB2A /* CustomButton.swift in Sources */ = {isa = PBXBuildFile; fileRef = 8C73457625B9C31A003BFB2A /* CustomButton.swift */; };
		8C73457825B9C31A003BFB2A /* CustomButton.swift in Sources */ = {isa = PBXBuildFile; fileRef = 8C73457625B9C31A003BFB2A /* CustomButton.swift */; };
		8C73457925B9C31A003BFB2A /* CustomButton.swift in Sources */ = {isa = PBXBuildFile; fileRef = 8C73457625B9C31A003BFB2A /* CustomButton.swift */; };
		8C73458525BA84B9003BFB2A /* InitialViewModel.swift in Sources */ = {isa = PBXBuildFile; fileRef = 8C73458425BA84B9003BFB2A /* InitialViewModel.swift */; };
		8C73458625BA84B9003BFB2A /* InitialViewModel.swift in Sources */ = {isa = PBXBuildFile; fileRef = 8C73458425BA84B9003BFB2A /* InitialViewModel.swift */; };
		8C73458725BA84B9003BFB2A /* InitialViewModel.swift in Sources */ = {isa = PBXBuildFile; fileRef = 8C73458425BA84B9003BFB2A /* InitialViewModel.swift */; };
		8C73458C25BA8A54003BFB2A /* TimeLineViewController.swift in Sources */ = {isa = PBXBuildFile; fileRef = 8C73458B25BA8A54003BFB2A /* TimeLineViewController.swift */; };
		8C73458D25BA8A54003BFB2A /* TimeLineViewController.swift in Sources */ = {isa = PBXBuildFile; fileRef = 8C73458B25BA8A54003BFB2A /* TimeLineViewController.swift */; };
		8C73458E25BA8A54003BFB2A /* TimeLineViewController.swift in Sources */ = {isa = PBXBuildFile; fileRef = 8C73458B25BA8A54003BFB2A /* TimeLineViewController.swift */; };
		8C7345A625BA916D003BFB2A /* R.generated.swift in Sources */ = {isa = PBXBuildFile; fileRef = 8C7345A525BA916D003BFB2A /* R.generated.swift */; };
		8C7345A725BA916D003BFB2A /* R.generated.swift in Sources */ = {isa = PBXBuildFile; fileRef = 8C7345A525BA916D003BFB2A /* R.generated.swift */; };
		8C7345A825BA916D003BFB2A /* R.generated.swift in Sources */ = {isa = PBXBuildFile; fileRef = 8C7345A525BA916D003BFB2A /* R.generated.swift */; };
		8C7345CB25BA9D4B003BFB2A /* TimeLineViewModel.swift in Sources */ = {isa = PBXBuildFile; fileRef = 8C7345CA25BA9D4B003BFB2A /* TimeLineViewModel.swift */; };
		8C7345CC25BA9D4B003BFB2A /* TimeLineViewModel.swift in Sources */ = {isa = PBXBuildFile; fileRef = 8C7345CA25BA9D4B003BFB2A /* TimeLineViewModel.swift */; };
		8C7345CD25BA9D4B003BFB2A /* TimeLineViewModel.swift in Sources */ = {isa = PBXBuildFile; fileRef = 8C7345CA25BA9D4B003BFB2A /* TimeLineViewModel.swift */; };
		8C7345D525BA9D64003BFB2A /* TimeLineModel.swift in Sources */ = {isa = PBXBuildFile; fileRef = 8C7345D425BA9D64003BFB2A /* TimeLineModel.swift */; };
		8C7345D625BA9D64003BFB2A /* TimeLineModel.swift in Sources */ = {isa = PBXBuildFile; fileRef = 8C7345D425BA9D64003BFB2A /* TimeLineModel.swift */; };
		8C7345D725BA9D64003BFB2A /* TimeLineModel.swift in Sources */ = {isa = PBXBuildFile; fileRef = 8C7345D425BA9D64003BFB2A /* TimeLineModel.swift */; };
		8C7345DF25BACEE5003BFB2A /* CustomTableViewCell.swift in Sources */ = {isa = PBXBuildFile; fileRef = 8C7345DE25BACEE5003BFB2A /* CustomTableViewCell.swift */; };
		8C7345E025BACEE5003BFB2A /* CustomTableViewCell.swift in Sources */ = {isa = PBXBuildFile; fileRef = 8C7345DE25BACEE5003BFB2A /* CustomTableViewCell.swift */; };
		8C7345E125BACEE5003BFB2A /* CustomTableViewCell.swift in Sources */ = {isa = PBXBuildFile; fileRef = 8C7345DE25BACEE5003BFB2A /* CustomTableViewCell.swift */; };
		F20D580C71E4530A14D92773 /* Pods_Asynchronous_Practice.framework in Frameworks */ = {isa = PBXBuildFile; fileRef = F45F6837CC440DE74817E5E9 /* Pods_Asynchronous_Practice.framework */; };
/* End PBXBuildFile section */

/* Begin PBXContainerItemProxy section */
		8C73450625B982B9003BFB2A /* PBXContainerItemProxy */ = {
			isa = PBXContainerItemProxy;
			containerPortal = 8C7344E725B982B6003BFB2A /* Project object */;
			proxyType = 1;
			remoteGlobalIDString = 8C7344EE25B982B6003BFB2A;
			remoteInfo = "Asynchronous Practice";
		};
		8C73451125B982B9003BFB2A /* PBXContainerItemProxy */ = {
			isa = PBXContainerItemProxy;
			containerPortal = 8C7344E725B982B6003BFB2A /* Project object */;
			proxyType = 1;
			remoteGlobalIDString = 8C7344EE25B982B6003BFB2A;
			remoteInfo = "Asynchronous Practice";
		};
/* End PBXContainerItemProxy section */

/* Begin PBXFileReference section */
		22484DDA2BEBE9F5A09638B5 /* Pods-Asynchronous Practice-Asynchronous PracticeUITests.release.xcconfig */ = {isa = PBXFileReference; includeInIndex = 1; lastKnownFileType = text.xcconfig; name = "Pods-Asynchronous Practice-Asynchronous PracticeUITests.release.xcconfig"; path = "Target Support Files/Pods-Asynchronous Practice-Asynchronous PracticeUITests/Pods-Asynchronous Practice-Asynchronous PracticeUITests.release.xcconfig"; sourceTree = "<group>"; };
		2CA16CC099BEB72C2D54AA7A /* Pods-Asynchronous Practice.release.xcconfig */ = {isa = PBXFileReference; includeInIndex = 1; lastKnownFileType = text.xcconfig; name = "Pods-Asynchronous Practice.release.xcconfig"; path = "Target Support Files/Pods-Asynchronous Practice/Pods-Asynchronous Practice.release.xcconfig"; sourceTree = "<group>"; };
		40C064287585A37BB4634FD5 /* Pods_Asynchronous_Practice_Asynchronous_PracticeUITests.framework */ = {isa = PBXFileReference; explicitFileType = wrapper.framework; includeInIndex = 0; path = Pods_Asynchronous_Practice_Asynchronous_PracticeUITests.framework; sourceTree = BUILT_PRODUCTS_DIR; };
		43532CE90105F92ED6FD542F /* Pods-Asynchronous Practice-Asynchronous PracticeUITests.debug.xcconfig */ = {isa = PBXFileReference; includeInIndex = 1; lastKnownFileType = text.xcconfig; name = "Pods-Asynchronous Practice-Asynchronous PracticeUITests.debug.xcconfig"; path = "Target Support Files/Pods-Asynchronous Practice-Asynchronous PracticeUITests/Pods-Asynchronous Practice-Asynchronous PracticeUITests.debug.xcconfig"; sourceTree = "<group>"; };
		8C7344EF25B982B6003BFB2A /* Asynchronous Practice.app */ = {isa = PBXFileReference; explicitFileType = wrapper.application; includeInIndex = 0; path = "Asynchronous Practice.app"; sourceTree = BUILT_PRODUCTS_DIR; };
		8C7344F225B982B6003BFB2A /* AppDelegate.swift */ = {isa = PBXFileReference; lastKnownFileType = sourcecode.swift; path = AppDelegate.swift; sourceTree = "<group>"; };
		8C7344F425B982B6003BFB2A /* SceneDelegate.swift */ = {isa = PBXFileReference; lastKnownFileType = sourcecode.swift; path = SceneDelegate.swift; sourceTree = "<group>"; };
		8C7344FB25B982B9003BFB2A /* Assets.xcassets */ = {isa = PBXFileReference; lastKnownFileType = folder.assetcatalog; path = Assets.xcassets; sourceTree = "<group>"; };
		8C7344FE25B982B9003BFB2A /* Base */ = {isa = PBXFileReference; lastKnownFileType = file.storyboard; name = Base; path = Base.lproj/LaunchScreen.storyboard; sourceTree = "<group>"; };
		8C73450025B982B9003BFB2A /* Info.plist */ = {isa = PBXFileReference; lastKnownFileType = text.plist.xml; path = Info.plist; sourceTree = "<group>"; };
		8C73450525B982B9003BFB2A /* Asynchronous PracticeTests.xctest */ = {isa = PBXFileReference; explicitFileType = wrapper.cfbundle; includeInIndex = 0; path = "Asynchronous PracticeTests.xctest"; sourceTree = BUILT_PRODUCTS_DIR; };
		8C73450925B982B9003BFB2A /* Asynchronous_PracticeTests.swift */ = {isa = PBXFileReference; lastKnownFileType = sourcecode.swift; path = Asynchronous_PracticeTests.swift; sourceTree = "<group>"; };
		8C73450B25B982B9003BFB2A /* Info.plist */ = {isa = PBXFileReference; lastKnownFileType = text.plist.xml; path = Info.plist; sourceTree = "<group>"; };
		8C73451025B982B9003BFB2A /* Asynchronous PracticeUITests.xctest */ = {isa = PBXFileReference; explicitFileType = wrapper.cfbundle; includeInIndex = 0; path = "Asynchronous PracticeUITests.xctest"; sourceTree = BUILT_PRODUCTS_DIR; };
		8C73451425B982B9003BFB2A /* Asynchronous_PracticeUITests.swift */ = {isa = PBXFileReference; lastKnownFileType = sourcecode.swift; path = Asynchronous_PracticeUITests.swift; sourceTree = "<group>"; };
		8C73451625B982B9003BFB2A /* Info.plist */ = {isa = PBXFileReference; lastKnownFileType = text.plist.xml; path = Info.plist; sourceTree = "<group>"; };
		8C73454B25B98B61003BFB2A /* InitialViewController.swift */ = {isa = PBXFileReference; lastKnownFileType = sourcecode.swift; path = InitialViewController.swift; sourceTree = "<group>"; };
		8C73457625B9C31A003BFB2A /* CustomButton.swift */ = {isa = PBXFileReference; lastKnownFileType = sourcecode.swift; path = CustomButton.swift; sourceTree = "<group>"; };
		8C73458425BA84B9003BFB2A /* InitialViewModel.swift */ = {isa = PBXFileReference; lastKnownFileType = sourcecode.swift; path = InitialViewModel.swift; sourceTree = "<group>"; };
		8C73458B25BA8A54003BFB2A /* TimeLineViewController.swift */ = {isa = PBXFileReference; lastKnownFileType = sourcecode.swift; path = TimeLineViewController.swift; sourceTree = "<group>"; };
		8C7345A525BA916D003BFB2A /* R.generated.swift */ = {isa = PBXFileReference; fileEncoding = 4; lastKnownFileType = sourcecode.swift; path = R.generated.swift; sourceTree = "<group>"; };
		8C7345CA25BA9D4B003BFB2A /* TimeLineViewModel.swift */ = {isa = PBXFileReference; lastKnownFileType = sourcecode.swift; path = TimeLineViewModel.swift; sourceTree = "<group>"; };
		8C7345D425BA9D64003BFB2A /* TimeLineModel.swift */ = {isa = PBXFileReference; lastKnownFileType = sourcecode.swift; path = TimeLineModel.swift; sourceTree = "<group>"; };
		8C7345DE25BACEE5003BFB2A /* CustomTableViewCell.swift */ = {isa = PBXFileReference; lastKnownFileType = sourcecode.swift; path = CustomTableViewCell.swift; sourceTree = "<group>"; };
		97AAD0D0D78675C82A544CBD /* Pods-Asynchronous Practice.debug.xcconfig */ = {isa = PBXFileReference; includeInIndex = 1; lastKnownFileType = text.xcconfig; name = "Pods-Asynchronous Practice.debug.xcconfig"; path = "Target Support Files/Pods-Asynchronous Practice/Pods-Asynchronous Practice.debug.xcconfig"; sourceTree = "<group>"; };
		E363B39BC4484A5B26E999B0 /* Pods-Asynchronous PracticeTests.release.xcconfig */ = {isa = PBXFileReference; includeInIndex = 1; lastKnownFileType = text.xcconfig; name = "Pods-Asynchronous PracticeTests.release.xcconfig"; path = "Target Support Files/Pods-Asynchronous PracticeTests/Pods-Asynchronous PracticeTests.release.xcconfig"; sourceTree = "<group>"; };
		E9DAE017C2B8E19ABAC798E9 /* Pods-Asynchronous PracticeTests.debug.xcconfig */ = {isa = PBXFileReference; includeInIndex = 1; lastKnownFileType = text.xcconfig; name = "Pods-Asynchronous PracticeTests.debug.xcconfig"; path = "Target Support Files/Pods-Asynchronous PracticeTests/Pods-Asynchronous PracticeTests.debug.xcconfig"; sourceTree = "<group>"; };
		EE300691D49F0B7F85559CAB /* Pods_Asynchronous_PracticeTests.framework */ = {isa = PBXFileReference; explicitFileType = wrapper.framework; includeInIndex = 0; path = Pods_Asynchronous_PracticeTests.framework; sourceTree = BUILT_PRODUCTS_DIR; };
		F45F6837CC440DE74817E5E9 /* Pods_Asynchronous_Practice.framework */ = {isa = PBXFileReference; explicitFileType = wrapper.framework; includeInIndex = 0; path = Pods_Asynchronous_Practice.framework; sourceTree = BUILT_PRODUCTS_DIR; };
/* End PBXFileReference section */

/* Begin PBXFrameworksBuildPhase section */
		8C7344EC25B982B6003BFB2A /* Frameworks */ = {
			isa = PBXFrameworksBuildPhase;
			buildActionMask = 2147483647;
			files = (
				F20D580C71E4530A14D92773 /* Pods_Asynchronous_Practice.framework in Frameworks */,
			);
			runOnlyForDeploymentPostprocessing = 0;
		};
		8C73450225B982B9003BFB2A /* Frameworks */ = {
			isa = PBXFrameworksBuildPhase;
			buildActionMask = 2147483647;
			files = (
				1F6A91388F6B0FFFBFF6B13B /* Pods_Asynchronous_PracticeTests.framework in Frameworks */,
			);
			runOnlyForDeploymentPostprocessing = 0;
		};
		8C73450D25B982B9003BFB2A /* Frameworks */ = {
			isa = PBXFrameworksBuildPhase;
			buildActionMask = 2147483647;
			files = (
				73386EE97D5DBFEABF5C2EA3 /* Pods_Asynchronous_Practice_Asynchronous_PracticeUITests.framework in Frameworks */,
			);
			runOnlyForDeploymentPostprocessing = 0;
		};
/* End PBXFrameworksBuildPhase section */

/* Begin PBXGroup section */
		2C5F58B39C36017949178F8A /* Pods */ = {
			isa = PBXGroup;
			children = (
				97AAD0D0D78675C82A544CBD /* Pods-Asynchronous Practice.debug.xcconfig */,
				2CA16CC099BEB72C2D54AA7A /* Pods-Asynchronous Practice.release.xcconfig */,
				43532CE90105F92ED6FD542F /* Pods-Asynchronous Practice-Asynchronous PracticeUITests.debug.xcconfig */,
				22484DDA2BEBE9F5A09638B5 /* Pods-Asynchronous Practice-Asynchronous PracticeUITests.release.xcconfig */,
				E9DAE017C2B8E19ABAC798E9 /* Pods-Asynchronous PracticeTests.debug.xcconfig */,
				E363B39BC4484A5B26E999B0 /* Pods-Asynchronous PracticeTests.release.xcconfig */,
			);
			path = Pods;
			sourceTree = "<group>";
		};
		8C7344E625B982B6003BFB2A = {
			isa = PBXGroup;
			children = (
				8C7344F125B982B6003BFB2A /* Asynchronous Practice */,
				8C73450825B982B9003BFB2A /* Asynchronous PracticeTests */,
				8C73451325B982B9003BFB2A /* Asynchronous PracticeUITests */,
				8C7344F025B982B6003BFB2A /* Products */,
				2C5F58B39C36017949178F8A /* Pods */,
				C94BB02B4CEF1F584849934E /* Frameworks */,
			);
			sourceTree = "<group>";
		};
		8C7344F025B982B6003BFB2A /* Products */ = {
			isa = PBXGroup;
			children = (
				8C7344EF25B982B6003BFB2A /* Asynchronous Practice.app */,
				8C73450525B982B9003BFB2A /* Asynchronous PracticeTests.xctest */,
				8C73451025B982B9003BFB2A /* Asynchronous PracticeUITests.xctest */,
			);
			name = Products;
			sourceTree = "<group>";
		};
		8C7344F125B982B6003BFB2A /* Asynchronous Practice */ = {
			isa = PBXGroup;
			children = (
				8C73452F25B98A7A003BFB2A /* ViewController */,
				8C73453125B98A7A003BFB2A /* ViewModel */,
				8C7345C925BA9D11003BFB2A /* Model */,
				8C73452E25B98A7A003BFB2A /* View */,
				8C7344F225B982B6003BFB2A /* AppDelegate.swift */,
				8C7344F425B982B6003BFB2A /* SceneDelegate.swift */,
				8C7344FB25B982B9003BFB2A /* Assets.xcassets */,
				8C7344FD25B982B9003BFB2A /* LaunchScreen.storyboard */,
				8C73450025B982B9003BFB2A /* Info.plist */,
				8C7345A525BA916D003BFB2A /* R.generated.swift */,
			);
			path = "Asynchronous Practice";
			sourceTree = "<group>";
		};
		8C73450825B982B9003BFB2A /* Asynchronous PracticeTests */ = {
			isa = PBXGroup;
			children = (
				8C73450925B982B9003BFB2A /* Asynchronous_PracticeTests.swift */,
				8C73450B25B982B9003BFB2A /* Info.plist */,
			);
			path = "Asynchronous PracticeTests";
			sourceTree = "<group>";
		};
		8C73451325B982B9003BFB2A /* Asynchronous PracticeUITests */ = {
			isa = PBXGroup;
			children = (
				8C73451425B982B9003BFB2A /* Asynchronous_PracticeUITests.swift */,
				8C73451625B982B9003BFB2A /* Info.plist */,
			);
			path = "Asynchronous PracticeUITests";
			sourceTree = "<group>";
		};
		8C73452E25B98A7A003BFB2A /* View */ = {
			isa = PBXGroup;
			children = (
				8C73457625B9C31A003BFB2A /* CustomButton.swift */,
				8C7345DE25BACEE5003BFB2A /* CustomTableViewCell.swift */,
			);
			path = View;
			sourceTree = "<group>";
		};
		8C73452F25B98A7A003BFB2A /* ViewController */ = {
			isa = PBXGroup;
			children = (
				8C73454B25B98B61003BFB2A /* InitialViewController.swift */,
				8C73458B25BA8A54003BFB2A /* TimeLineViewController.swift */,
			);
			path = ViewController;
			sourceTree = "<group>";
		};
		8C73453125B98A7A003BFB2A /* ViewModel */ = {
			isa = PBXGroup;
			children = (
				8C73458425BA84B9003BFB2A /* InitialViewModel.swift */,
				8C7345CA25BA9D4B003BFB2A /* TimeLineViewModel.swift */,
			);
			path = ViewModel;
			sourceTree = "<group>";
		};
		8C7345C925BA9D11003BFB2A /* Model */ = {
			isa = PBXGroup;
			children = (
				8C7345D425BA9D64003BFB2A /* TimeLineModel.swift */,
			);
			path = Model;
			sourceTree = "<group>";
		};
		C94BB02B4CEF1F584849934E /* Frameworks */ = {
			isa = PBXGroup;
			children = (
				F45F6837CC440DE74817E5E9 /* Pods_Asynchronous_Practice.framework */,
				40C064287585A37BB4634FD5 /* Pods_Asynchronous_Practice_Asynchronous_PracticeUITests.framework */,
				EE300691D49F0B7F85559CAB /* Pods_Asynchronous_PracticeTests.framework */,
			);
			name = Frameworks;
			sourceTree = "<group>";
		};
/* End PBXGroup section */

/* Begin PBXNativeTarget section */
		8C7344EE25B982B6003BFB2A /* Asynchronous Practice */ = {
			isa = PBXNativeTarget;
			buildConfigurationList = 8C73451925B982B9003BFB2A /* Build configuration list for PBXNativeTarget "Asynchronous Practice" */;
			buildPhases = (
				8C73459525BA8E5A003BFB2A /* ShellScript */,
				BEEC414A0FBAC24FC831E70C /* [CP] Check Pods Manifest.lock */,
				8C7344EB25B982B6003BFB2A /* Sources */,
				8C7344EC25B982B6003BFB2A /* Frameworks */,
				8C7344ED25B982B6003BFB2A /* Resources */,
				0FC8CA3D9E8EB6AF21C40EF5 /* [CP] Embed Pods Frameworks */,
			);
			buildRules = (
			);
			dependencies = (
			);
			name = "Asynchronous Practice";
			productName = "Asynchronous Practice";
			productReference = 8C7344EF25B982B6003BFB2A /* Asynchronous Practice.app */;
			productType = "com.apple.product-type.application";
		};
		8C73450425B982B9003BFB2A /* Asynchronous PracticeTests */ = {
			isa = PBXNativeTarget;
			buildConfigurationList = 8C73451C25B982B9003BFB2A /* Build configuration list for PBXNativeTarget "Asynchronous PracticeTests" */;
			buildPhases = (
				E4CB1C1F47FEC37AC0D6D043 /* [CP] Check Pods Manifest.lock */,
				8C73450125B982B9003BFB2A /* Sources */,
				8C73450225B982B9003BFB2A /* Frameworks */,
				8C73450325B982B9003BFB2A /* Resources */,
			);
			buildRules = (
			);
			dependencies = (
				8C73450725B982B9003BFB2A /* PBXTargetDependency */,
			);
			name = "Asynchronous PracticeTests";
			productName = "Asynchronous PracticeTests";
			productReference = 8C73450525B982B9003BFB2A /* Asynchronous PracticeTests.xctest */;
			productType = "com.apple.product-type.bundle.unit-test";
		};
		8C73450F25B982B9003BFB2A /* Asynchronous PracticeUITests */ = {
			isa = PBXNativeTarget;
			buildConfigurationList = 8C73451F25B982B9003BFB2A /* Build configuration list for PBXNativeTarget "Asynchronous PracticeUITests" */;
			buildPhases = (
				FD24944F38A44A82CD92D31C /* [CP] Check Pods Manifest.lock */,
				8C73450C25B982B9003BFB2A /* Sources */,
				8C73450D25B982B9003BFB2A /* Frameworks */,
				8C73450E25B982B9003BFB2A /* Resources */,
				DA5022859E00241AD6829FAF /* [CP] Embed Pods Frameworks */,
			);
			buildRules = (
			);
			dependencies = (
				8C73451225B982B9003BFB2A /* PBXTargetDependency */,
			);
			name = "Asynchronous PracticeUITests";
			productName = "Asynchronous PracticeUITests";
			productReference = 8C73451025B982B9003BFB2A /* Asynchronous PracticeUITests.xctest */;
			productType = "com.apple.product-type.bundle.ui-testing";
		};
/* End PBXNativeTarget section */

/* Begin PBXProject section */
		8C7344E725B982B6003BFB2A /* Project object */ = {
			isa = PBXProject;
			attributes = {
				LastSwiftUpdateCheck = 1220;
				LastUpgradeCheck = 1220;
				TargetAttributes = {
					8C7344EE25B982B6003BFB2A = {
						CreatedOnToolsVersion = 12.2;
					};
					8C73450425B982B9003BFB2A = {
						CreatedOnToolsVersion = 12.2;
						TestTargetID = 8C7344EE25B982B6003BFB2A;
					};
					8C73450F25B982B9003BFB2A = {
						CreatedOnToolsVersion = 12.2;
						TestTargetID = 8C7344EE25B982B6003BFB2A;
					};
				};
			};
			buildConfigurationList = 8C7344EA25B982B6003BFB2A /* Build configuration list for PBXProject "Asynchronous Practice" */;
			compatibilityVersion = "Xcode 9.3";
			developmentRegion = en;
			hasScannedForEncodings = 0;
			knownRegions = (
				en,
				Base,
			);
			mainGroup = 8C7344E625B982B6003BFB2A;
			productRefGroup = 8C7344F025B982B6003BFB2A /* Products */;
			projectDirPath = "";
			projectRoot = "";
			targets = (
				8C7344EE25B982B6003BFB2A /* Asynchronous Practice */,
				8C73450425B982B9003BFB2A /* Asynchronous PracticeTests */,
				8C73450F25B982B9003BFB2A /* Asynchronous PracticeUITests */,
			);
		};
/* End PBXProject section */

/* Begin PBXResourcesBuildPhase section */
		8C7344ED25B982B6003BFB2A /* Resources */ = {
			isa = PBXResourcesBuildPhase;
			buildActionMask = 2147483647;
			files = (
				8C7344FF25B982B9003BFB2A /* LaunchScreen.storyboard in Resources */,
				8C7344FC25B982B9003BFB2A /* Assets.xcassets in Resources */,
			);
			runOnlyForDeploymentPostprocessing = 0;
		};
		8C73450325B982B9003BFB2A /* Resources */ = {
			isa = PBXResourcesBuildPhase;
			buildActionMask = 2147483647;
			files = (
			);
			runOnlyForDeploymentPostprocessing = 0;
		};
		8C73450E25B982B9003BFB2A /* Resources */ = {
			isa = PBXResourcesBuildPhase;
			buildActionMask = 2147483647;
			files = (
			);
			runOnlyForDeploymentPostprocessing = 0;
		};
/* End PBXResourcesBuildPhase section */

/* Begin PBXShellScriptBuildPhase section */
		0FC8CA3D9E8EB6AF21C40EF5 /* [CP] Embed Pods Frameworks */ = {
			isa = PBXShellScriptBuildPhase;
			buildActionMask = 2147483647;
			files = (
			);
			inputFileListPaths = (
				"${PODS_ROOT}/Target Support Files/Pods-Asynchronous Practice/Pods-Asynchronous Practice-frameworks-${CONFIGURATION}-input-files.xcfilelist",
			);
			name = "[CP] Embed Pods Frameworks";
			outputFileListPaths = (
				"${PODS_ROOT}/Target Support Files/Pods-Asynchronous Practice/Pods-Asynchronous Practice-frameworks-${CONFIGURATION}-output-files.xcfilelist",
			);
			runOnlyForDeploymentPostprocessing = 0;
			shellPath = /bin/sh;
			shellScript = "\"${PODS_ROOT}/Target Support Files/Pods-Asynchronous Practice/Pods-Asynchronous Practice-frameworks.sh\"\n";
			showEnvVarsInLog = 0;
		};
		8C73459525BA8E5A003BFB2A /* ShellScript */ = {
			isa = PBXShellScriptBuildPhase;
			alwaysOutOfDate = 1;
			buildActionMask = 2147483647;
			files = (
			);
			inputFileListPaths = (
			);
			inputPaths = (
				"$TEMP_DIR/rswift-lastrun",
			);
			outputFileListPaths = (
			);
			outputPaths = (
				$SRCROOT/$PROJECT_NAME/R.generated.swift,
			);
			runOnlyForDeploymentPostprocessing = 0;
			shellPath = /bin/sh;
			shellScript = "\"$PODS_ROOT/R.swift/rswift\" generate \"$SRCROOT/$PROJECT_NAME/R.generated.swift\"\n";
		};
		BEEC414A0FBAC24FC831E70C /* [CP] Check Pods Manifest.lock */ = {
			isa = PBXShellScriptBuildPhase;
			buildActionMask = 2147483647;
			files = (
			);
			inputFileListPaths = (
			);
			inputPaths = (
				"${PODS_PODFILE_DIR_PATH}/Podfile.lock",
				"${PODS_ROOT}/Manifest.lock",
			);
			name = "[CP] Check Pods Manifest.lock";
			outputFileListPaths = (
			);
			outputPaths = (
				"$(DERIVED_FILE_DIR)/Pods-Asynchronous Practice-checkManifestLockResult.txt",
			);
			runOnlyForDeploymentPostprocessing = 0;
			shellPath = /bin/sh;
			shellScript = "diff \"${PODS_PODFILE_DIR_PATH}/Podfile.lock\" \"${PODS_ROOT}/Manifest.lock\" > /dev/null\nif [ $? != 0 ] ; then\n    # print error to STDERR\n    echo \"error: The sandbox is not in sync with the Podfile.lock. Run 'pod install' or update your CocoaPods installation.\" >&2\n    exit 1\nfi\n# This output is used by Xcode 'outputs' to avoid re-running this script phase.\necho \"SUCCESS\" > \"${SCRIPT_OUTPUT_FILE_0}\"\n";
			showEnvVarsInLog = 0;
		};
		DA5022859E00241AD6829FAF /* [CP] Embed Pods Frameworks */ = {
			isa = PBXShellScriptBuildPhase;
			buildActionMask = 2147483647;
			files = (
			);
			inputFileListPaths = (
				"${PODS_ROOT}/Target Support Files/Pods-Asynchronous Practice-Asynchronous PracticeUITests/Pods-Asynchronous Practice-Asynchronous PracticeUITests-frameworks-${CONFIGURATION}-input-files.xcfilelist",
			);
			name = "[CP] Embed Pods Frameworks";
			outputFileListPaths = (
				"${PODS_ROOT}/Target Support Files/Pods-Asynchronous Practice-Asynchronous PracticeUITests/Pods-Asynchronous Practice-Asynchronous PracticeUITests-frameworks-${CONFIGURATION}-output-files.xcfilelist",
			);
			runOnlyForDeploymentPostprocessing = 0;
			shellPath = /bin/sh;
			shellScript = "\"${PODS_ROOT}/Target Support Files/Pods-Asynchronous Practice-Asynchronous PracticeUITests/Pods-Asynchronous Practice-Asynchronous PracticeUITests-frameworks.sh\"\n";
			showEnvVarsInLog = 0;
		};
		E4CB1C1F47FEC37AC0D6D043 /* [CP] Check Pods Manifest.lock */ = {
			isa = PBXShellScriptBuildPhase;
			buildActionMask = 2147483647;
			files = (
			);
			inputFileListPaths = (
			);
			inputPaths = (
				"${PODS_PODFILE_DIR_PATH}/Podfile.lock",
				"${PODS_ROOT}/Manifest.lock",
			);
			name = "[CP] Check Pods Manifest.lock";
			outputFileListPaths = (
			);
			outputPaths = (
				"$(DERIVED_FILE_DIR)/Pods-Asynchronous PracticeTests-checkManifestLockResult.txt",
			);
			runOnlyForDeploymentPostprocessing = 0;
			shellPath = /bin/sh;
			shellScript = "diff \"${PODS_PODFILE_DIR_PATH}/Podfile.lock\" \"${PODS_ROOT}/Manifest.lock\" > /dev/null\nif [ $? != 0 ] ; then\n    # print error to STDERR\n    echo \"error: The sandbox is not in sync with the Podfile.lock. Run 'pod install' or update your CocoaPods installation.\" >&2\n    exit 1\nfi\n# This output is used by Xcode 'outputs' to avoid re-running this script phase.\necho \"SUCCESS\" > \"${SCRIPT_OUTPUT_FILE_0}\"\n";
			showEnvVarsInLog = 0;
		};
		FD24944F38A44A82CD92D31C /* [CP] Check Pods Manifest.lock */ = {
			isa = PBXShellScriptBuildPhase;
			buildActionMask = 2147483647;
			files = (
			);
			inputFileListPaths = (
			);
			inputPaths = (
				"${PODS_PODFILE_DIR_PATH}/Podfile.lock",
				"${PODS_ROOT}/Manifest.lock",
			);
			name = "[CP] Check Pods Manifest.lock";
			outputFileListPaths = (
			);
			outputPaths = (
				"$(DERIVED_FILE_DIR)/Pods-Asynchronous Practice-Asynchronous PracticeUITests-checkManifestLockResult.txt",
			);
			runOnlyForDeploymentPostprocessing = 0;
			shellPath = /bin/sh;
			shellScript = "diff \"${PODS_PODFILE_DIR_PATH}/Podfile.lock\" \"${PODS_ROOT}/Manifest.lock\" > /dev/null\nif [ $? != 0 ] ; then\n    # print error to STDERR\n    echo \"error: The sandbox is not in sync with the Podfile.lock. Run 'pod install' or update your CocoaPods installation.\" >&2\n    exit 1\nfi\n# This output is used by Xcode 'outputs' to avoid re-running this script phase.\necho \"SUCCESS\" > \"${SCRIPT_OUTPUT_FILE_0}\"\n";
			showEnvVarsInLog = 0;
		};
/* End PBXShellScriptBuildPhase section */

/* Begin PBXSourcesBuildPhase section */
		8C7344EB25B982B6003BFB2A /* Sources */ = {
			isa = PBXSourcesBuildPhase;
			buildActionMask = 2147483647;
			files = (
				8C73457725B9C31A003BFB2A /* CustomButton.swift in Sources */,
				8C7345D525BA9D64003BFB2A /* TimeLineModel.swift in Sources */,
				8C7345A625BA916D003BFB2A /* R.generated.swift in Sources */,
				8C73454C25B98B61003BFB2A /* InitialViewController.swift in Sources */,
				8C7344F325B982B6003BFB2A /* AppDelegate.swift in Sources */,
				8C7344F525B982B6003BFB2A /* SceneDelegate.swift in Sources */,
				8C7345DF25BACEE5003BFB2A /* CustomTableViewCell.swift in Sources */,
				8C7345CB25BA9D4B003BFB2A /* TimeLineViewModel.swift in Sources */,
				8C73458525BA84B9003BFB2A /* InitialViewModel.swift in Sources */,
				8C73458C25BA8A54003BFB2A /* TimeLineViewController.swift in Sources */,
			);
			runOnlyForDeploymentPostprocessing = 0;
		};
		8C73450125B982B9003BFB2A /* Sources */ = {
			isa = PBXSourcesBuildPhase;
			buildActionMask = 2147483647;
			files = (
				8C7345E025BACEE5003BFB2A /* CustomTableViewCell.swift in Sources */,
				8C73458625BA84B9003BFB2A /* InitialViewModel.swift in Sources */,
				8C73450A25B982B9003BFB2A /* Asynchronous_PracticeTests.swift in Sources */,
				8C73454D25B98B61003BFB2A /* InitialViewController.swift in Sources */,
				8C73458D25BA8A54003BFB2A /* TimeLineViewController.swift in Sources */,
				8C73457825B9C31A003BFB2A /* CustomButton.swift in Sources */,
				8C7345CC25BA9D4B003BFB2A /* TimeLineViewModel.swift in Sources */,
				8C7345D625BA9D64003BFB2A /* TimeLineModel.swift in Sources */,
				8C7345A725BA916D003BFB2A /* R.generated.swift in Sources */,
			);
			runOnlyForDeploymentPostprocessing = 0;
		};
		8C73450C25B982B9003BFB2A /* Sources */ = {
			isa = PBXSourcesBuildPhase;
			buildActionMask = 2147483647;
			files = (
				8C7345E125BACEE5003BFB2A /* CustomTableViewCell.swift in Sources */,
				8C73458725BA84B9003BFB2A /* InitialViewModel.swift in Sources */,
				8C73451525B982B9003BFB2A /* Asynchronous_PracticeUITests.swift in Sources */,
				8C73454E25B98B61003BFB2A /* InitialViewController.swift in Sources */,
				8C73458E25BA8A54003BFB2A /* TimeLineViewController.swift in Sources */,
				8C73457925B9C31A003BFB2A /* CustomButton.swift in Sources */,
				8C7345CD25BA9D4B003BFB2A /* TimeLineViewModel.swift in Sources */,
				8C7345D725BA9D64003BFB2A /* TimeLineModel.swift in Sources */,
				8C7345A825BA916D003BFB2A /* R.generated.swift in Sources */,
			);
			runOnlyForDeploymentPostprocessing = 0;
		};
/* End PBXSourcesBuildPhase section */

/* Begin PBXTargetDependency section */
		8C73450725B982B9003BFB2A /* PBXTargetDependency */ = {
			isa = PBXTargetDependency;
			target = 8C7344EE25B982B6003BFB2A /* Asynchronous Practice */;
			targetProxy = 8C73450625B982B9003BFB2A /* PBXContainerItemProxy */;
		};
		8C73451225B982B9003BFB2A /* PBXTargetDependency */ = {
			isa = PBXTargetDependency;
			target = 8C7344EE25B982B6003BFB2A /* Asynchronous Practice */;
			targetProxy = 8C73451125B982B9003BFB2A /* PBXContainerItemProxy */;
		};
/* End PBXTargetDependency section */

/* Begin PBXVariantGroup section */
		8C7344FD25B982B9003BFB2A /* LaunchScreen.storyboard */ = {
			isa = PBXVariantGroup;
			children = (
				8C7344FE25B982B9003BFB2A /* Base */,
			);
			name = LaunchScreen.storyboard;
			sourceTree = "<group>";
		};
/* End PBXVariantGroup section */

/* Begin XCBuildConfiguration section */
		8C73451725B982B9003BFB2A /* Debug */ = {
			isa = XCBuildConfiguration;
			buildSettings = {
				ALWAYS_SEARCH_USER_PATHS = NO;
				CLANG_ANALYZER_NONNULL = YES;
				CLANG_ANALYZER_NUMBER_OBJECT_CONVERSION = YES_AGGRESSIVE;
				CLANG_CXX_LANGUAGE_STANDARD = "gnu++14";
				CLANG_CXX_LIBRARY = "libc++";
				CLANG_ENABLE_MODULES = YES;
				CLANG_ENABLE_OBJC_ARC = YES;
				CLANG_ENABLE_OBJC_WEAK = YES;
				CLANG_WARN_BLOCK_CAPTURE_AUTORELEASING = YES;
				CLANG_WARN_BOOL_CONVERSION = YES;
				CLANG_WARN_COMMA = YES;
				CLANG_WARN_CONSTANT_CONVERSION = YES;
				CLANG_WARN_DEPRECATED_OBJC_IMPLEMENTATIONS = YES;
				CLANG_WARN_DIRECT_OBJC_ISA_USAGE = YES_ERROR;
				CLANG_WARN_DOCUMENTATION_COMMENTS = YES;
				CLANG_WARN_EMPTY_BODY = YES;
				CLANG_WARN_ENUM_CONVERSION = YES;
				CLANG_WARN_INFINITE_RECURSION = YES;
				CLANG_WARN_INT_CONVERSION = YES;
				CLANG_WARN_NON_LITERAL_NULL_CONVERSION = YES;
				CLANG_WARN_OBJC_IMPLICIT_RETAIN_SELF = YES;
				CLANG_WARN_OBJC_LITERAL_CONVERSION = YES;
				CLANG_WARN_OBJC_ROOT_CLASS = YES_ERROR;
				CLANG_WARN_QUOTED_INCLUDE_IN_FRAMEWORK_HEADER = YES;
				CLANG_WARN_RANGE_LOOP_ANALYSIS = YES;
				CLANG_WARN_STRICT_PROTOTYPES = YES;
				CLANG_WARN_SUSPICIOUS_MOVE = YES;
				CLANG_WARN_UNGUARDED_AVAILABILITY = YES_AGGRESSIVE;
				CLANG_WARN_UNREACHABLE_CODE = YES;
				CLANG_WARN__DUPLICATE_METHOD_MATCH = YES;
				COPY_PHASE_STRIP = NO;
				DEBUG_INFORMATION_FORMAT = dwarf;
				ENABLE_STRICT_OBJC_MSGSEND = YES;
				ENABLE_TESTABILITY = YES;
				GCC_C_LANGUAGE_STANDARD = gnu11;
				GCC_DYNAMIC_NO_PIC = NO;
				GCC_NO_COMMON_BLOCKS = YES;
				GCC_OPTIMIZATION_LEVEL = 0;
				GCC_PREPROCESSOR_DEFINITIONS = (
					"DEBUG=1",
					"$(inherited)",
				);
				GCC_WARN_64_TO_32_BIT_CONVERSION = YES;
				GCC_WARN_ABOUT_RETURN_TYPE = YES_ERROR;
				GCC_WARN_UNDECLARED_SELECTOR = YES;
				GCC_WARN_UNINITIALIZED_AUTOS = YES_AGGRESSIVE;
				GCC_WARN_UNUSED_FUNCTION = YES;
				GCC_WARN_UNUSED_VARIABLE = YES;
				IPHONEOS_DEPLOYMENT_TARGET = 14.2;
				MTL_ENABLE_DEBUG_INFO = INCLUDE_SOURCE;
				MTL_FAST_MATH = YES;
				ONLY_ACTIVE_ARCH = YES;
				SDKROOT = iphoneos;
				SWIFT_ACTIVE_COMPILATION_CONDITIONS = DEBUG;
				SWIFT_OPTIMIZATION_LEVEL = "-Onone";
			};
			name = Debug;
		};
		8C73451825B982B9003BFB2A /* Release */ = {
			isa = XCBuildConfiguration;
			buildSettings = {
				ALWAYS_SEARCH_USER_PATHS = NO;
				CLANG_ANALYZER_NONNULL = YES;
				CLANG_ANALYZER_NUMBER_OBJECT_CONVERSION = YES_AGGRESSIVE;
				CLANG_CXX_LANGUAGE_STANDARD = "gnu++14";
				CLANG_CXX_LIBRARY = "libc++";
				CLANG_ENABLE_MODULES = YES;
				CLANG_ENABLE_OBJC_ARC = YES;
				CLANG_ENABLE_OBJC_WEAK = YES;
				CLANG_WARN_BLOCK_CAPTURE_AUTORELEASING = YES;
				CLANG_WARN_BOOL_CONVERSION = YES;
				CLANG_WARN_COMMA = YES;
				CLANG_WARN_CONSTANT_CONVERSION = YES;
				CLANG_WARN_DEPRECATED_OBJC_IMPLEMENTATIONS = YES;
				CLANG_WARN_DIRECT_OBJC_ISA_USAGE = YES_ERROR;
				CLANG_WARN_DOCUMENTATION_COMMENTS = YES;
				CLANG_WARN_EMPTY_BODY = YES;
				CLANG_WARN_ENUM_CONVERSION = YES;
				CLANG_WARN_INFINITE_RECURSION = YES;
				CLANG_WARN_INT_CONVERSION = YES;
				CLANG_WARN_NON_LITERAL_NULL_CONVERSION = YES;
				CLANG_WARN_OBJC_IMPLICIT_RETAIN_SELF = YES;
				CLANG_WARN_OBJC_LITERAL_CONVERSION = YES;
				CLANG_WARN_OBJC_ROOT_CLASS = YES_ERROR;
				CLANG_WARN_QUOTED_INCLUDE_IN_FRAMEWORK_HEADER = YES;
				CLANG_WARN_RANGE_LOOP_ANALYSIS = YES;
				CLANG_WARN_STRICT_PROTOTYPES = YES;
				CLANG_WARN_SUSPICIOUS_MOVE = YES;
				CLANG_WARN_UNGUARDED_AVAILABILITY = YES_AGGRESSIVE;
				CLANG_WARN_UNREACHABLE_CODE = YES;
				CLANG_WARN__DUPLICATE_METHOD_MATCH = YES;
				COPY_PHASE_STRIP = NO;
				DEBUG_INFORMATION_FORMAT = "dwarf-with-dsym";
				ENABLE_NS_ASSERTIONS = NO;
				ENABLE_STRICT_OBJC_MSGSEND = YES;
				GCC_C_LANGUAGE_STANDARD = gnu11;
				GCC_NO_COMMON_BLOCKS = YES;
				GCC_WARN_64_TO_32_BIT_CONVERSION = YES;
				GCC_WARN_ABOUT_RETURN_TYPE = YES_ERROR;
				GCC_WARN_UNDECLARED_SELECTOR = YES;
				GCC_WARN_UNINITIALIZED_AUTOS = YES_AGGRESSIVE;
				GCC_WARN_UNUSED_FUNCTION = YES;
				GCC_WARN_UNUSED_VARIABLE = YES;
				IPHONEOS_DEPLOYMENT_TARGET = 14.2;
				MTL_ENABLE_DEBUG_INFO = NO;
				MTL_FAST_MATH = YES;
				SDKROOT = iphoneos;
				SWIFT_COMPILATION_MODE = wholemodule;
				SWIFT_OPTIMIZATION_LEVEL = "-O";
				VALIDATE_PRODUCT = YES;
			};
			name = Release;
		};
		8C73451A25B982B9003BFB2A /* Debug */ = {
			isa = XCBuildConfiguration;
			baseConfigurationReference = 97AAD0D0D78675C82A544CBD /* Pods-Asynchronous Practice.debug.xcconfig */;
			buildSettings = {
				ASSETCATALOG_COMPILER_APPICON_NAME = AppIcon;
				ASSETCATALOG_COMPILER_GLOBAL_ACCENT_COLOR_NAME = AccentColor;
				CODE_SIGN_STYLE = Automatic;
				INFOPLIST_FILE = "Asynchronous Practice/Info.plist";
				IPHONEOS_DEPLOYMENT_TARGET = 14.2;
				LD_RUNPATH_SEARCH_PATHS = (
					"$(inherited)",
					"@executable_path/Frameworks",
				);
				PRODUCT_BUNDLE_IDENTIFIER = "com.nebou.Asynchronous-Practice";
				PRODUCT_NAME = "$(TARGET_NAME)";
				SWIFT_VERSION = 5.0;
				TARGETED_DEVICE_FAMILY = 1;
			};
			name = Debug;
		};
		8C73451B25B982B9003BFB2A /* Release */ = {
			isa = XCBuildConfiguration;
			baseConfigurationReference = 2CA16CC099BEB72C2D54AA7A /* Pods-Asynchronous Practice.release.xcconfig */;
			buildSettings = {
				ASSETCATALOG_COMPILER_APPICON_NAME = AppIcon;
				ASSETCATALOG_COMPILER_GLOBAL_ACCENT_COLOR_NAME = AccentColor;
				CODE_SIGN_STYLE = Automatic;
				INFOPLIST_FILE = "Asynchronous Practice/Info.plist";
				IPHONEOS_DEPLOYMENT_TARGET = 14.2;
				LD_RUNPATH_SEARCH_PATHS = (
					"$(inherited)",
					"@executable_path/Frameworks",
				);
				PRODUCT_BUNDLE_IDENTIFIER = "com.nebou.Asynchronous-Practice";
				PRODUCT_NAME = "$(TARGET_NAME)";
				SWIFT_VERSION = 5.0;
				TARGETED_DEVICE_FAMILY = 1;
			};
			name = Release;
		};
		8C73451D25B982B9003BFB2A /* Debug */ = {
			isa = XCBuildConfiguration;
			baseConfigurationReference = E9DAE017C2B8E19ABAC798E9 /* Pods-Asynchronous PracticeTests.debug.xcconfig */;
			buildSettings = {
				ALWAYS_EMBED_SWIFT_STANDARD_LIBRARIES = YES;
				BUNDLE_LOADER = "$(TEST_HOST)";
				CODE_SIGN_STYLE = Automatic;
				INFOPLIST_FILE = "Asynchronous PracticeTests/Info.plist";
				IPHONEOS_DEPLOYMENT_TARGET = 14.2;
				LD_RUNPATH_SEARCH_PATHS = (
					"$(inherited)",
					"@executable_path/Frameworks",
					"@loader_path/Frameworks",
				);
				PRODUCT_BUNDLE_IDENTIFIER = "com.nebou.Asynchronous-PracticeTests";
				PRODUCT_NAME = "$(TARGET_NAME)";
				SWIFT_VERSION = 5.0;
				TARGETED_DEVICE_FAMILY = "1,2";
				TEST_HOST = "$(BUILT_PRODUCTS_DIR)/Asynchronous Practice.app/Asynchronous Practice";
			};
			name = Debug;
		};
		8C73451E25B982B9003BFB2A /* Release */ = {
			isa = XCBuildConfiguration;
			baseConfigurationReference = E363B39BC4484A5B26E999B0 /* Pods-Asynchronous PracticeTests.release.xcconfig */;
			buildSettings = {
				ALWAYS_EMBED_SWIFT_STANDARD_LIBRARIES = YES;
				BUNDLE_LOADER = "$(TEST_HOST)";
				CODE_SIGN_STYLE = Automatic;
				INFOPLIST_FILE = "Asynchronous PracticeTests/Info.plist";
				IPHONEOS_DEPLOYMENT_TARGET = 14.2;
				LD_RUNPATH_SEARCH_PATHS = (
					"$(inherited)",
					"@executable_path/Frameworks",
					"@loader_path/Frameworks",
				);
				PRODUCT_BUNDLE_IDENTIFIER = "com.nebou.Asynchronous-PracticeTests";
				PRODUCT_NAME = "$(TARGET_NAME)";
				SWIFT_VERSION = 5.0;
				TARGETED_DEVICE_FAMILY = "1,2";
				TEST_HOST = "$(BUILT_PRODUCTS_DIR)/Asynchronous Practice.app/Asynchronous Practice";
			};
			name = Release;
		};
		8C73452025B982B9003BFB2A /* Debug */ = {
			isa = XCBuildConfiguration;
			baseConfigurationReference = 43532CE90105F92ED6FD542F /* Pods-Asynchronous Practice-Asynchronous PracticeUITests.debug.xcconfig */;
			buildSettings = {
				ALWAYS_EMBED_SWIFT_STANDARD_LIBRARIES = YES;
				CODE_SIGN_STYLE = Automatic;
				INFOPLIST_FILE = "Asynchronous PracticeUITests/Info.plist";
				LD_RUNPATH_SEARCH_PATHS = (
					"$(inherited)",
					"@executable_path/Frameworks",
					"@loader_path/Frameworks",
				);
				PRODUCT_BUNDLE_IDENTIFIER = "com.nebou.Asynchronous-PracticeUITests";
				PRODUCT_NAME = "$(TARGET_NAME)";
				SWIFT_VERSION = 5.0;
				TARGETED_DEVICE_FAMILY = "1,2";
				TEST_TARGET_NAME = "Asynchronous Practice";
			};
			name = Debug;
		};
		8C73452125B982B9003BFB2A /* Release */ = {
			isa = XCBuildConfiguration;
			baseConfigurationReference = 22484DDA2BEBE9F5A09638B5 /* Pods-Asynchronous Practice-Asynchronous PracticeUITests.release.xcconfig */;
			buildSettings = {
				ALWAYS_EMBED_SWIFT_STANDARD_LIBRARIES = YES;
				CODE_SIGN_STYLE = Automatic;
				INFOPLIST_FILE = "Asynchronous PracticeUITests/Info.plist";
				LD_RUNPATH_SEARCH_PATHS = (
					"$(inherited)",
					"@executable_path/Frameworks",
					"@loader_path/Frameworks",
				);
				PRODUCT_BUNDLE_IDENTIFIER = "com.nebou.Asynchronous-PracticeUITests";
				PRODUCT_NAME = "$(TARGET_NAME)";
				SWIFT_VERSION = 5.0;
				TARGETED_DEVICE_FAMILY = "1,2";
				TEST_TARGET_NAME = "Asynchronous Practice";
			};
			name = Release;
		};
/* End XCBuildConfiguration section */

/* Begin XCConfigurationList section */
		8C7344EA25B982B6003BFB2A /* Build configuration list for PBXProject "Asynchronous Practice" */ = {
			isa = XCConfigurationList;
			buildConfigurations = (
				8C73451725B982B9003BFB2A /* Debug */,
				8C73451825B982B9003BFB2A /* Release */,
			);
			defaultConfigurationIsVisible = 0;
			defaultConfigurationName = Release;
		};
		8C73451925B982B9003BFB2A /* Build configuration list for PBXNativeTarget "Asynchronous Practice" */ = {
			isa = XCConfigurationList;
			buildConfigurations = (
				8C73451A25B982B9003BFB2A /* Debug */,
				8C73451B25B982B9003BFB2A /* Release */,
			);
			defaultConfigurationIsVisible = 0;
			defaultConfigurationName = Release;
		};
		8C73451C25B982B9003BFB2A /* Build configuration list for PBXNativeTarget "Asynchronous PracticeTests" */ = {
			isa = XCConfigurationList;
			buildConfigurations = (
				8C73451D25B982B9003BFB2A /* Debug */,
				8C73451E25B982B9003BFB2A /* Release */,
			);
			defaultConfigurationIsVisible = 0;
			defaultConfigurationName = Release;
		};
		8C73451F25B982B9003BFB2A /* Build configuration list for PBXNativeTarget "Asynchronous PracticeUITests" */ = {
			isa = XCConfigurationList;
			buildConfigurations = (
				8C73452025B982B9003BFB2A /* Debug */,
				8C73452125B982B9003BFB2A /* Release */,
			);
			defaultConfigurationIsVisible = 0;
			defaultConfigurationName = Release;
		};
/* End XCConfigurationList section */
	};
	rootObject = 8C7344E725B982B6003BFB2A /* Project object */;
}
